
Microsoft Visual Studio Solution File, Format Version 12.00
# Visual Studio Version 16
VisualStudioVersion = 16.0.30406.217
MinimumVisualStudioVersion = 10.0.40219.1
Project("{FAE04EC0-301F-11D3-BF4B-00C04F79EFBC}") = "CoreCodeCamp", "CoreCodeCamp\CoreCodeCamp.csproj", "{739C2787-18E3-451A-BA1F-F01F10D87135}"
EndProject
Global
	GlobalSection(SolutionConfigurationPlatforms) = preSolution
		Debug|Any CPU = Debug|Any CPU
		Release|Any CPU = Release|Any CPU
	EndGlobalSection
	GlobalSection(ProjectConfigurationPlatforms) = postSolution
		{739C2787-18E3-451A-BA1F-F01F10D87135}.Debug|Any CPU.ActiveCfg = Debug|Any CPU
		{739C2787-18E3-451A-BA1F-F01F10D87135}.Debug|Any CPU.Build.0 = Debug|Any CPU
		{739C2787-18E3-451A-BA1F-F01F10D87135}.Release|Any CPU.ActiveCfg = Release|Any CPU
		{739C2787-18E3-451A-BA1F-F01F10D87135}.Release|Any CPU.Build.0 = Release|Any CPU
	EndGlobalSection
	GlobalSection(SolutionProperties) = preSolution
		HideSolutionNode = FALSE
	EndGlobalSection
	GlobalSection(ExtensibilityGlobals) = postSolution
		SolutionGuid = {415A436D-4E68-4943-9028-2A1FEC0CE1B6}
	EndGlobalSection
EndGlobal
